
Microsoft Visual Studio Solution File, Format Version 12.00
# Visual Studio Version 16
VisualStudioVersion = 16.0.33927.289
MinimumVisualStudioVersion = 10.0.40219.1
Project("{2150E333-8FDC-42A3-9474-1A3956D46DE8}") = "Task2", "Task2", "{87224C72-6D35-4081-8D13-8B31D5FFBFEC}"
EndProject
Project("{FAE04EC0-301F-11D3-BF4B-00C04F79EFBC}") = "Tyuiu.ShtokerVN.Sprint5.Task2.V13", "Tyuiu.ShtokerVN.Sprint5.Task2.V13\Tyuiu.ShtokerVN.Sprint5.Task2.V13.csproj", "{3139E24B-231A-41F7-8C93-895DD4137E7B}"
EndProject
Project("{FAE04EC0-301F-11D3-BF4B-00C04F79EFBC}") = "Tyuiu.ShtokerVN.Sprint5.Task2.V13.Lib", "Tyuiu.ShtokerVN.Sprint5.Task2.V13.Lib\Tyuiu.ShtokerVN.Sprint5.Task2.V13.Lib.csproj", "{E5F4B8C4-9FAA-47BC-8456-73C0A36CF406}"
EndProject
Project("{FAE04EC0-301F-11D3-BF4B-00C04F79EFBC}") = "Tyuiu.ShtokerVN.Sprint5.Task2.V13.Test", "Tyuiu.ShtokerVN.Sprint5.Task2.V13.Test\Tyuiu.ShtokerVN.Sprint5.Task2.V13.Test.csproj", "{88568B1C-AC3A-41B1-B5CC-F290E4EEDA22}"
EndProject
Project("{2150E333-8FDC-42A3-9474-1A3956D46DE8}") = "Task3", "Task3", "{B571EB00-E5CE-4BF8-9653-9083423E4E69}"
EndProject
Project("{FAE04EC0-301F-11D3-BF4B-00C04F79EFBC}") = "Tyuiu.ShtokerVN.Sprint5.Task3.V8", "Tyuiu.ShtokerVN.Sprint5.Task3.V8\Tyuiu.ShtokerVN.Sprint5.Task3.V8.csproj", "{D0ADB784-3FB9-4559-96A8-EE3942816330}"
EndProject
Project("{FAE04EC0-301F-11D3-BF4B-00C04F79EFBC}") = "Tyuiu.ShtokerVN.Sprint5.Task3.V8.Lib", "Tyuiu.ShtokerVN.Sprint5.Task3.V8.Lib\Tyuiu.ShtokerVN.Sprint5.Task3.V8.Lib.csproj", "{58FEB8CA-5711-4193-89FC-9F9C10110B63}"
EndProject
Project("{FAE04EC0-301F-11D3-BF4B-00C04F79EFBC}") = "Tyuiu.ShtokerVN.Sprint5.Task3.V8.Test", "Tyuiu.ShtokerVN.Sprint5.Task3.V8.Test\Tyuiu.ShtokerVN.Sprint5.Task3.V8.Test.csproj", "{5AF03D38-6FF1-45FC-BA6B-E9A365A3083F}"
EndProject
Project("{2150E333-8FDC-42A3-9474-1A3956D46DE8}") = "Task1", "Task1", "{7E98C806-68AE-403F-9C24-6F563AD29112}"
EndProject
Project("{FAE04EC0-301F-11D3-BF4B-00C04F79EFBC}") = "Tyuiu.ShtokerVN.Sprint5.Task1.V4", "Tyuiu.ShtokerVN.Sprint5.Task1.V4\Tyuiu.ShtokerVN.Sprint5.Task1.V4.csproj", "{A0566158-6922-47CE-80AB-E067DD3AAB0B}"
EndProject
Project("{FAE04EC0-301F-11D3-BF4B-00C04F79EFBC}") = "Tyuiu.ShtokerVN.Sprint5.Task1.V4.Lib", "Tyuiu.ShtokerVN.Sprint5.Task1.V4.Lib\Tyuiu.ShtokerVN.Sprint5.Task1.V4.Lib.csproj", "{10147493-CE77-4491-8136-BD3DB2B5DDAC}"
EndProject
Project("{FAE04EC0-301F-11D3-BF4B-00C04F79EFBC}") = "Tyuiu.ShtokerVN.Sprint5.Task1.V4.Test", "Tyuiu.ShtokerVN.Sprint5.Task1.V4.Test\Tyuiu.ShtokerVN.Sprint5.Task1.V4.Test.csproj", "{B7BE27C2-1D4D-4B3D-9370-668D9E7D9AC1}"
EndProject
Project("{2150E333-8FDC-42A3-9474-1A3956D46DE8}") = "Task0", "Task0", "{857940D3-1517-4186-ADFB-6CB3E31EE4FF}"
EndProject
Project("{FAE04EC0-301F-11D3-BF4B-00C04F79EFBC}") = "Tyuiu.ShtokerVN.Sprint5.Task0.V10", "Tyuiu.ShtokerVN.Sprint5.Task0.V10\Tyuiu.ShtokerVN.Sprint5.Task0.V10.csproj", "{EE0AB32A-62E8-4E82-BA95-D605E874C4A6}"
EndProject
Project("{FAE04EC0-301F-11D3-BF4B-00C04F79EFBC}") = "Tyuiu.ShtokerVN.Sprint5.Task0.V10.Lib", "Tyuiu.ShtokerVN.Sprint5.Task0.V10.Lib\Tyuiu.ShtokerVN.Sprint5.Task0.V10.Lib.csproj", "{AB4B7028-3568-431D-A05B-E402F0BEC063}"
EndProject
Project("{FAE04EC0-301F-11D3-BF4B-00C04F79EFBC}") = "Tyuiu.ShtokerVN.Sprint5.Task0.V10.Test", "Tyuiu.ShtokerVN.Sprint5.Task0.V10.Test\Tyuiu.ShtokerVN.Sprint5.Task0.V10.Test.csproj", "{55517B1D-407A-42B0-AEEC-CF0611D45683}"
EndProject
Project("{2150E333-8FDC-42A3-9474-1A3956D46DE8}") = "Task4", "Task4", "{1181FF86-9898-4760-A58E-A59CE0C8DF4F}"
EndProject
Project("{FAE04EC0-301F-11D3-BF4B-00C04F79EFBC}") = "Tyuiu.ShtokerVN.Sprint5.Task4.V15.Lib", "Tyuiu.ShtokerVN.Sprint5.Task4.V15.Lib\Tyuiu.ShtokerVN.Sprint5.Task4.V15.Lib.csproj", "{5C7BD8A1-AB70-4D05-B360-8C89D114BEA0}"
EndProject
Project("{FAE04EC0-301F-11D3-BF4B-00C04F79EFBC}") = "Tyuiu.ShtokerVN.Sprint5.Task4.V15", "Tyuiu.ShtokerVN.Sprint5.Task4.V15\Tyuiu.ShtokerVN.Sprint5.Task4.V15.csproj", "{54F09774-E511-4C23-9551-0824A6489083}"
EndProject
Project("{FAE04EC0-301F-11D3-BF4B-00C04F79EFBC}") = "Tyuiu.ShtokerVN.Sprint5.Task4.V15.Test", "Tyuiu.ShtokerVN.Sprint5.Task4.V15.Test\Tyuiu.ShtokerVN.Sprint5.Task4.V15.Test.csproj", "{2B00E2DD-9A31-4B13-A3E5-D5A46B308D80}"
EndProject
Global
	GlobalSection(SolutionConfigurationPlatforms) = preSolution
		Debug|Any CPU = Debug|Any CPU
		Release|Any CPU = Release|Any CPU
	EndGlobalSection
	GlobalSection(ProjectConfigurationPlatforms) = postSolution
		{3139E24B-231A-41F7-8C93-895DD4137E7B}.Debug|Any CPU.ActiveCfg = Debug|Any CPU
		{3139E24B-231A-41F7-8C93-895DD4137E7B}.Debug|Any CPU.Build.0 = Debug|Any CPU
		{3139E24B-231A-41F7-8C93-895DD4137E7B}.Release|Any CPU.ActiveCfg = Release|Any CPU
		{3139E24B-231A-41F7-8C93-895DD4137E7B}.Release|Any CPU.Build.0 = Release|Any CPU
		{E5F4B8C4-9FAA-47BC-8456-73C0A36CF406}.Debug|Any CPU.ActiveCfg = Debug|Any CPU
		{E5F4B8C4-9FAA-47BC-8456-73C0A36CF406}.Debug|Any CPU.Build.0 = Debug|Any CPU
		{E5F4B8C4-9FAA-47BC-8456-73C0A36CF406}.Release|Any CPU.ActiveCfg = Release|Any CPU
		{E5F4B8C4-9FAA-47BC-8456-73C0A36CF406}.Release|Any CPU.Build.0 = Release|Any CPU
		{88568B1C-AC3A-41B1-B5CC-F290E4EEDA22}.Debug|Any CPU.ActiveCfg = Debug|Any CPU
		{88568B1C-AC3A-41B1-B5CC-F290E4EEDA22}.Debug|Any CPU.Build.0 = Debug|Any CPU
		{88568B1C-AC3A-41B1-B5CC-F290E4EEDA22}.Release|Any CPU.ActiveCfg = Release|Any CPU
		{88568B1C-AC3A-41B1-B5CC-F290E4EEDA22}.Release|Any CPU.Build.0 = Release|Any CPU
		{D0ADB784-3FB9-4559-96A8-EE3942816330}.Debug|Any CPU.ActiveCfg = Debug|Any CPU
		{D0ADB784-3FB9-4559-96A8-EE3942816330}.Debug|Any CPU.Build.0 = Debug|Any CPU
		{D0ADB784-3FB9-4559-96A8-EE3942816330}.Release|Any CPU.ActiveCfg = Release|Any CPU
		{D0ADB784-3FB9-4559-96A8-EE3942816330}.Release|Any CPU.Build.0 = Release|Any CPU
		{58FEB8CA-5711-4193-89FC-9F9C10110B63}.Debug|Any CPU.ActiveCfg = Debug|Any CPU
		{58FEB8CA-5711-4193-89FC-9F9C10110B63}.Debug|Any CPU.Build.0 = Debug|Any CPU
		{58FEB8CA-5711-4193-89FC-9F9C10110B63}.Release|Any CPU.ActiveCfg = Release|Any CPU
		{58FEB8CA-5711-4193-89FC-9F9C10110B63}.Release|Any CPU.Build.0 = Release|Any CPU
		{5AF03D38-6FF1-45FC-BA6B-E9A365A3083F}.Debug|Any CPU.ActiveCfg = Debug|Any CPU
		{5AF03D38-6FF1-45FC-BA6B-E9A365A3083F}.Debug|Any CPU.Build.0 = Debug|Any CPU
		{5AF03D38-6FF1-45FC-BA6B-E9A365A3083F}.Release|Any CPU.ActiveCfg = Release|Any CPU
		{5AF03D38-6FF1-45FC-BA6B-E9A365A3083F}.Release|Any CPU.Build.0 = Release|Any CPU
		{A0566158-6922-47CE-80AB-E067DD3AAB0B}.Debug|Any CPU.ActiveCfg = Debug|Any CPU
		{A0566158-6922-47CE-80AB-E067DD3AAB0B}.Debug|Any CPU.Build.0 = Debug|Any CPU
		{A0566158-6922-47CE-80AB-E067DD3AAB0B}.Release|Any CPU.ActiveCfg = Release|Any CPU
		{A0566158-6922-47CE-80AB-E067DD3AAB0B}.Release|Any CPU.Build.0 = Release|Any CPU
		{10147493-CE77-4491-8136-BD3DB2B5DDAC}.Debug|Any CPU.ActiveCfg = Debug|Any CPU
		{10147493-CE77-4491-8136-BD3DB2B5DDAC}.Debug|Any CPU.Build.0 = Debug|Any CPU
		{10147493-CE77-4491-8136-BD3DB2B5DDAC}.Release|Any CPU.ActiveCfg = Release|Any CPU
		{10147493-CE77-4491-8136-BD3DB2B5DDAC}.Release|Any CPU.Build.0 = Release|Any CPU
		{B7BE27C2-1D4D-4B3D-9370-668D9E7D9AC1}.Debug|Any CPU.ActiveCfg = Debug|Any CPU
		{B7BE27C2-1D4D-4B3D-9370-668D9E7D9AC1}.Debug|Any CPU.Build.0 = Debug|Any CPU
		{B7BE27C2-1D4D-4B3D-9370-668D9E7D9AC1}.Release|Any CPU.ActiveCfg = Release|Any CPU
		{B7BE27C2-1D4D-4B3D-9370-668D9E7D9AC1}.Release|Any CPU.Build.0 = Release|Any CPU
		{EE0AB32A-62E8-4E82-BA95-D605E874C4A6}.Debug|Any CPU.ActiveCfg = Debug|Any CPU
		{EE0AB32A-62E8-4E82-BA95-D605E874C4A6}.Debug|Any CPU.Build.0 = Debug|Any CPU
		{EE0AB32A-62E8-4E82-BA95-D605E874C4A6}.Release|Any CPU.ActiveCfg = Release|Any CPU
		{EE0AB32A-62E8-4E82-BA95-D605E874C4A6}.Release|Any CPU.Build.0 = Release|Any CPU
		{AB4B7028-3568-431D-A05B-E402F0BEC063}.Debug|Any CPU.ActiveCfg = Debug|Any CPU
		{AB4B7028-3568-431D-A05B-E402F0BEC063}.Debug|Any CPU.Build.0 = Debug|Any CPU
		{AB4B7028-3568-431D-A05B-E402F0BEC063}.Release|Any CPU.ActiveCfg = Release|Any CPU
		{AB4B7028-3568-431D-A05B-E402F0BEC063}.Release|Any CPU.Build.0 = Release|Any CPU
		{55517B1D-407A-42B0-AEEC-CF0611D45683}.Debug|Any CPU.ActiveCfg = Debug|Any CPU
		{55517B1D-407A-42B0-AEEC-CF0611D45683}.Debug|Any CPU.Build.0 = Debug|Any CPU
		{55517B1D-407A-42B0-AEEC-CF0611D45683}.Release|Any CPU.ActiveCfg = Release|Any CPU
		{55517B1D-407A-42B0-AEEC-CF0611D45683}.Release|Any CPU.Build.0 = Release|Any CPU
		{5C7BD8A1-AB70-4D05-B360-8C89D114BEA0}.Debug|Any CPU.ActiveCfg = Debug|Any CPU
		{5C7BD8A1-AB70-4D05-B360-8C89D114BEA0}.Debug|Any CPU.Build.0 = Debug|Any CPU
		{5C7BD8A1-AB70-4D05-B360-8C89D114BEA0}.Release|Any CPU.ActiveCfg = Release|Any CPU
		{5C7BD8A1-AB70-4D05-B360-8C89D114BEA0}.Release|Any CPU.Build.0 = Release|Any CPU
		{54F09774-E511-4C23-9551-0824A6489083}.Debug|Any CPU.ActiveCfg = Debug|Any CPU
		{54F09774-E511-4C23-9551-0824A6489083}.Debug|Any CPU.Build.0 = Debug|Any CPU
		{54F09774-E511-4C23-9551-0824A6489083}.Release|Any CPU.ActiveCfg = Release|Any CPU
		{54F09774-E511-4C23-9551-0824A6489083}.Release|Any CPU.Build.0 = Release|Any CPU
		{2B00E2DD-9A31-4B13-A3E5-D5A46B308D80}.Debug|Any CPU.ActiveCfg = Debug|Any CPU
		{2B00E2DD-9A31-4B13-A3E5-D5A46B308D80}.Debug|Any CPU.Build.0 = Debug|Any CPU
		{2B00E2DD-9A31-4B13-A3E5-D5A46B308D80}.Release|Any CPU.ActiveCfg = Release|Any CPU
		{2B00E2DD-9A31-4B13-A3E5-D5A46B308D80}.Release|Any CPU.Build.0 = Release|Any CPU
	EndGlobalSection
	GlobalSection(SolutionProperties) = preSolution
		HideSolutionNode = FALSE
	EndGlobalSection
	GlobalSection(NestedProjects) = preSolution
		{3139E24B-231A-41F7-8C93-895DD4137E7B} = {87224C72-6D35-4081-8D13-8B31D5FFBFEC}
		{E5F4B8C4-9FAA-47BC-8456-73C0A36CF406} = {87224C72-6D35-4081-8D13-8B31D5FFBFEC}
		{88568B1C-AC3A-41B1-B5CC-F290E4EEDA22} = {87224C72-6D35-4081-8D13-8B31D5FFBFEC}
		{D0ADB784-3FB9-4559-96A8-EE3942816330} = {B571EB00-E5CE-4BF8-9653-9083423E4E69}
		{58FEB8CA-5711-4193-89FC-9F9C10110B63} = {B571EB00-E5CE-4BF8-9653-9083423E4E69}
		{5AF03D38-6FF1-45FC-BA6B-E9A365A3083F} = {B571EB00-E5CE-4BF8-9653-9083423E4E69}
		{A0566158-6922-47CE-80AB-E067DD3AAB0B} = {7E98C806-68AE-403F-9C24-6F563AD29112}
		{10147493-CE77-4491-8136-BD3DB2B5DDAC} = {7E98C806-68AE-403F-9C24-6F563AD29112}
		{B7BE27C2-1D4D-4B3D-9370-668D9E7D9AC1} = {7E98C806-68AE-403F-9C24-6F563AD29112}
		{EE0AB32A-62E8-4E82-BA95-D605E874C4A6} = {857940D3-1517-4186-ADFB-6CB3E31EE4FF}
		{AB4B7028-3568-431D-A05B-E402F0BEC063} = {857940D3-1517-4186-ADFB-6CB3E31EE4FF}
		{55517B1D-407A-42B0-AEEC-CF0611D45683} = {857940D3-1517-4186-ADFB-6CB3E31EE4FF}
		{5C7BD8A1-AB70-4D05-B360-8C89D114BEA0} = {1181FF86-9898-4760-A58E-A59CE0C8DF4F}
		{54F09774-E511-4C23-9551-0824A6489083} = {1181FF86-9898-4760-A58E-A59CE0C8DF4F}
		{2B00E2DD-9A31-4B13-A3E5-D5A46B308D80} = {1181FF86-9898-4760-A58E-A59CE0C8DF4F}
	EndGlobalSection
	GlobalSection(ExtensibilityGlobals) = postSolution
		SolutionGuid = {EE596BE7-1690-442F-8E72-CBE724F4F552}
	EndGlobalSection
EndGlobal
